{
  "name": "Kite",
  "lockfileVersion": 3,
  "requires": true,
  "packages": {
    "": {
      "name": "Kite",
      "dependencies": {
        "catenary-curve": "^2.0.2"
      }
    },
    "node_modules/catenary-curve": {
      "version": "2.0.2",
      "resolved": "https://registry.npmjs.org/catenary-curve/-/catenary-curve-2.0.2.tgz",
      "integrity": "sha512-sy9xNx89io5c6MSDU+EePYc2pccjVFjzi5mYA/r2qsxHZLBFRRuohpmOcrqDepRtxKSRgCgB60Cboplj8RBYMg==",
      "license": "MIT"
    }
  }
}
